
Microsoft Visual Studio Solution File, Format Version 12.00
# Visual Studio Version 16
VisualStudioVersion = 16.0.29920.165
MinimumVisualStudioVersion = 10.0.40219.1
Project("{FAE04EC0-301F-11D3-BF4B-00C04F79EFBC}") = "EightDigitalForAStar", "EightDigitalForAStar\EightDigitalForAStar.csproj", "{815A3E7C-68F5-4FFF-9F54-6F9735942DF6}"
EndProject
Global
	GlobalSection(SolutionConfigurationPlatforms) = preSolution
		Debug|Any CPU = Debug|Any CPU
		Release|Any CPU = Release|Any CPU
	EndGlobalSection
	GlobalSection(ProjectConfigurationPlatforms) = postSolution
		{815A3E7C-68F5-4FFF-9F54-6F9735942DF6}.Debug|Any CPU.ActiveCfg = Debug|Any CPU
		{815A3E7C-68F5-4FFF-9F54-6F9735942DF6}.Debug|Any CPU.Build.0 = Debug|Any CPU
		{815A3E7C-68F5-4FFF-9F54-6F9735942DF6}.Release|Any CPU.ActiveCfg = Release|Any CPU
		{815A3E7C-68F5-4FFF-9F54-6F9735942DF6}.Release|Any CPU.Build.0 = Release|Any CPU
	EndGlobalSection
	GlobalSection(SolutionProperties) = preSolution
		HideSolutionNode = FALSE
	EndGlobalSection
	GlobalSection(ExtensibilityGlobals) = postSolution
		SolutionGuid = {DB89B64B-A6E4-4D30-8120-711C6D7173F1}
	EndGlobalSection
EndGlobal
